// !$*UTF8*$!
{
	archiveVersion = 1;
	classes = {
	};
	objectVersion = 55;
	objects = {

/* Begin PBXBuildFile section */
		D789E24D2775674D0029E60F /* PhoneRoot.swift in Sources */ = {isa = PBXBuildFile; fileRef = D789E24C2775674D0029E60F /* PhoneRoot.swift */; };
		D789E24F277567540029E60F /* MacRoot.swift in Sources */ = {isa = PBXBuildFile; fileRef = D789E24E277567540029E60F /* MacRoot.swift */; };
		D7FAE4F02775639A00E7AF58 /* Assets.xcassets in Resources */ = {isa = PBXBuildFile; fileRef = D7FAE4EF2775639A00E7AF58 /* Assets.xcassets */; };
		D7FAE4F32775639A00E7AF58 /* Preview Assets.xcassets in Resources */ = {isa = PBXBuildFile; fileRef = D7FAE4F22775639A00E7AF58 /* Preview Assets.xcassets */; };
		D7FAE4FB277563C500E7AF58 /* Patchwork in Frameworks */ = {isa = PBXBuildFile; productRef = D7FAE4FA277563C500E7AF58 /* Patchwork */; };
		D7FAE4FD277563D800E7AF58 /* Bridge.swift in Sources */ = {isa = PBXBuildFile; fileRef = D7FAE4FC277563D800E7AF58 /* Bridge.swift */; };
/* End PBXBuildFile section */

/* Begin PBXFileReference section */
		D789E24C2775674D0029E60F /* PhoneRoot.swift */ = {isa = PBXFileReference; lastKnownFileType = sourcecode.swift; path = PhoneRoot.swift; sourceTree = "<group>"; };
		D789E24E277567540029E60F /* MacRoot.swift */ = {isa = PBXFileReference; lastKnownFileType = sourcecode.swift; path = MacRoot.swift; sourceTree = "<group>"; };
		D7FAE4E82775639900E7AF58 /* PatchworkUISampleBook.app */ = {isa = PBXFileReference; explicitFileType = wrapper.application; includeInIndex = 0; path = PatchworkUISampleBook.app; sourceTree = BUILT_PRODUCTS_DIR; };
		D7FAE4EF2775639A00E7AF58 /* Assets.xcassets */ = {isa = PBXFileReference; lastKnownFileType = folder.assetcatalog; path = Assets.xcassets; sourceTree = "<group>"; };
		D7FAE4F22775639A00E7AF58 /* Preview Assets.xcassets */ = {isa = PBXFileReference; lastKnownFileType = folder.assetcatalog; path = "Preview Assets.xcassets"; sourceTree = "<group>"; };
		D7FAE4FC277563D800E7AF58 /* Bridge.swift */ = {isa = PBXFileReference; lastKnownFileType = sourcecode.swift; path = Bridge.swift; sourceTree = "<group>"; };
		D7FAE4FE2775644E00E7AF58 /* PatchworkUISampleBook.entitlements */ = {isa = PBXFileReference; lastKnownFileType = text.plist.entitlements; path = PatchworkUISampleBook.entitlements; sourceTree = "<group>"; };
/* End PBXFileReference section */

/* Begin PBXFrameworksBuildPhase section */
		D7FAE4E52775639900E7AF58 /* Frameworks */ = {
			isa = PBXFrameworksBuildPhase;
			buildActionMask = 2147483647;
			files = (
				D7FAE4FB277563C500E7AF58 /* Patchwork in Frameworks */,
			);
			runOnlyForDeploymentPostprocessing = 0;
		};
/* End PBXFrameworksBuildPhase section */

/* Begin PBXGroup section */
		D7FAE4DF2775639900E7AF58 = {
			isa = PBXGroup;
			children = (
				D7FAE4EA2775639900E7AF58 /* PatchworkUISampleBook */,
				D7FAE4E92775639900E7AF58 /* Products */,
				D7FAE4F9277563C500E7AF58 /* Frameworks */,
			);
			sourceTree = "<group>";
		};
		D7FAE4E92775639900E7AF58 /* Products */ = {
			isa = PBXGroup;
			children = (
				D7FAE4E82775639900E7AF58 /* PatchworkUISampleBook.app */,
			);
			name = Products;
			sourceTree = "<group>";
		};
		D7FAE4EA2775639900E7AF58 /* PatchworkUISampleBook */ = {
			isa = PBXGroup;
			children = (
				D7FAE4FE2775644E00E7AF58 /* PatchworkUISampleBook.entitlements */,
				D7FAE4EF2775639A00E7AF58 /* Assets.xcassets */,
				D7FAE4F12775639A00E7AF58 /* Preview Content */,
				D7FAE4FC277563D800E7AF58 /* Bridge.swift */,
				D789E24C2775674D0029E60F /* PhoneRoot.swift */,
				D789E24E277567540029E60F /* MacRoot.swift */,
			);
			path = PatchworkUISampleBook;
			sourceTree = "<group>";
		};
		D7FAE4F12775639A00E7AF58 /* Preview Content */ = {
			isa = PBXGroup;
			children = (
				D7FAE4F22775639A00E7AF58 /* Preview Assets.xcassets */,
			);
			path = "Preview Content";
			sourceTree = "<group>";
		};
		D7FAE4F9277563C500E7AF58 /* Frameworks */ = {
			isa = PBXGroup;
			children = (
			);
			name = Frameworks;
			sourceTree = "<group>";
		};
/* End PBXGroup section */

/* Begin PBXNativeTarget section */
		D7FAE4E72775639900E7AF58 /* PatchworkUISampleBook */ = {
			isa = PBXNativeTarget;
			buildConfigurationList = D7FAE4F62775639A00E7AF58 /* Build configuration list for PBXNativeTarget "PatchworkUISampleBook" */;
			buildPhases = (
				D7FAE4E42775639900E7AF58 /* Sources */,
				D7FAE4E52775639900E7AF58 /* Frameworks */,
				D7FAE4E62775639900E7AF58 /* Resources */,
			);
			buildRules = (
			);
			dependencies = (
			);
			name = PatchworkUISampleBook;
			packageProductDependencies = (
				D7FAE4FA277563C500E7AF58 /* Patchwork */,
			);
			productName = PatchworkUISampleBook;
			productReference = D7FAE4E82775639900E7AF58 /* PatchworkUISampleBook.app */;
			productType = "com.apple.product-type.application";
		};
/* End PBXNativeTarget section */

/* Begin PBXProject section */
		D7FAE4E02775639900E7AF58 /* Project object */ = {
			isa = PBXProject;
			attributes = {
				BuildIndependentTargetsInParallel = 1;
				LastSwiftUpdateCheck = 1310;
				LastUpgradeCheck = 1310;
				TargetAttributes = {
					D7FAE4E72775639900E7AF58 = {
						CreatedOnToolsVersion = 13.1;
						LastSwiftMigration = 1310;
					};
				};
			};
			buildConfigurationList = D7FAE4E32775639900E7AF58 /* Build configuration list for PBXProject "PatchworkUISampleBook" */;
			compatibilityVersion = "Xcode 13.0";
			developmentRegion = en;
			hasScannedForEncodings = 0;
			knownRegions = (
				en,
				Base,
			);
			mainGroup = D7FAE4DF2775639900E7AF58;
			productRefGroup = D7FAE4E92775639900E7AF58 /* Products */;
			projectDirPath = "";
			projectRoot = "";
			targets = (
				D7FAE4E72775639900E7AF58 /* PatchworkUISampleBook */,
			);
		};
/* End PBXProject section */

/* Begin PBXResourcesBuildPhase section */
		D7FAE4E62775639900E7AF58 /* Resources */ = {
			isa = PBXResourcesBuildPhase;
			buildActionMask = 2147483647;
			files = (
				D7FAE4F32775639A00E7AF58 /* Preview Assets.xcassets in Resources */,
				D7FAE4F02775639A00E7AF58 /* Assets.xcassets in Resources */,
			);
			runOnlyForDeploymentPostprocessing = 0;
		};
/* End PBXResourcesBuildPhase section */

/* Begin PBXSourcesBuildPhase section */
		D7FAE4E42775639900E7AF58 /* Sources */ = {
			isa = PBXSourcesBuildPhase;
			buildActionMask = 2147483647;
			files = (
				D789E24D2775674D0029E60F /* PhoneRoot.swift in Sources */,
				D789E24F277567540029E60F /* MacRoot.swift in Sources */,
				D7FAE4FD277563D800E7AF58 /* Bridge.swift in Sources */,
			);
			runOnlyForDeploymentPostprocessing = 0;
		};
/* End PBXSourcesBuildPhase section */

/* Begin XCBuildConfiguration section */
		D7FAE4F42775639A00E7AF58 /* Debug */ = {
			isa = XCBuildConfiguration;
			buildSettings = {
				ALWAYS_SEARCH_USER_PATHS = NO;
				CLANG_ANALYZER_NONNULL = YES;
				CLANG_ANALYZER_NUMBER_OBJECT_CONVERSION = YES_AGGRESSIVE;
				CLANG_CXX_LANGUAGE_STANDARD = "gnu++17";
				CLANG_CXX_LIBRARY = "libc++";
				CLANG_ENABLE_MODULES = YES;
				CLANG_ENABLE_OBJC_ARC = YES;
				CLANG_ENABLE_OBJC_WEAK = YES;
				CLANG_WARN_BLOCK_CAPTURE_AUTORELEASING = YES;
				CLANG_WARN_BOOL_CONVERSION = YES;
				CLANG_WARN_COMMA = YES;
				CLANG_WARN_CONSTANT_CONVERSION = YES;
				CLANG_WARN_DEPRECATED_OBJC_IMPLEMENTATIONS = YES;
				CLANG_WARN_DIRECT_OBJC_ISA_USAGE = YES_ERROR;
				CLANG_WARN_DOCUMENTATION_COMMENTS = YES;
				CLANG_WARN_EMPTY_BODY = YES;
				CLANG_WARN_ENUM_CONVERSION = YES;
				CLANG_WARN_INFINITE_RECURSION = YES;
				CLANG_WARN_INT_CONVERSION = YES;
				CLANG_WARN_NON_LITERAL_NULL_CONVERSION = YES;
				CLANG_WARN_OBJC_IMPLICIT_RETAIN_SELF = YES;
				CLANG_WARN_OBJC_LITERAL_CONVERSION = YES;
				CLANG_WARN_OBJC_ROOT_CLASS = YES_ERROR;
				CLANG_WARN_QUOTED_INCLUDE_IN_FRAMEWORK_HEADER = YES;
				CLANG_WARN_RANGE_LOOP_ANALYSIS = YES;
				CLANG_WARN_STRICT_PROTOTYPES = YES;
				CLANG_WARN_SUSPICIOUS_MOVE = YES;
				CLANG_WARN_UNGUARDED_AVAILABILITY = YES_AGGRESSIVE;
				CLANG_WARN_UNREACHABLE_CODE = YES;
				CLANG_WARN__DUPLICATE_METHOD_MATCH = YES;
				COPY_PHASE_STRIP = NO;
				DEBUG_INFORMATION_FORMAT = dwarf;
				ENABLE_STRICT_OBJC_MSGSEND = YES;
				ENABLE_TESTABILITY = YES;
				GCC_C_LANGUAGE_STANDARD = gnu11;
				GCC_DYNAMIC_NO_PIC = NO;
				GCC_NO_COMMON_BLOCKS = YES;
				GCC_OPTIMIZATION_LEVEL = 0;
				GCC_PREPROCESSOR_DEFINITIONS = (
					"DEBUG=1",
					"$(inherited)",
				);
				GCC_WARN_64_TO_32_BIT_CONVERSION = YES;
				GCC_WARN_ABOUT_RETURN_TYPE = YES_ERROR;
				GCC_WARN_UNDECLARED_SELECTOR = YES;
				GCC_WARN_UNINITIALIZED_AUTOS = YES_AGGRESSIVE;
				GCC_WARN_UNUSED_FUNCTION = YES;
				GCC_WARN_UNUSED_VARIABLE = YES;
				IPHONEOS_DEPLOYMENT_TARGET = 15.0;
				MTL_ENABLE_DEBUG_INFO = INCLUDE_SOURCE;
				MTL_FAST_MATH = YES;
				ONLY_ACTIVE_ARCH = YES;
				SDKROOT = iphoneos;
				SWIFT_ACTIVE_COMPILATION_CONDITIONS = DEBUG;
				SWIFT_OPTIMIZATION_LEVEL = "-Onone";
			};
			name = Debug;
		};
		D7FAE4F52775639A00E7AF58 /* Release */ = {
			isa = XCBuildConfiguration;
			buildSettings = {
				ALWAYS_SEARCH_USER_PATHS = NO;
				CLANG_ANALYZER_NONNULL = YES;
				CLANG_ANALYZER_NUMBER_OBJECT_CONVERSION = YES_AGGRESSIVE;
				CLANG_CXX_LANGUAGE_STANDARD = "gnu++17";
				CLANG_CXX_LIBRARY = "libc++";
				CLANG_ENABLE_MODULES = YES;
				CLANG_ENABLE_OBJC_ARC = YES;
				CLANG_ENABLE_OBJC_WEAK = YES;
				CLANG_WARN_BLOCK_CAPTURE_AUTORELEASING = YES;
				CLANG_WARN_BOOL_CONVERSION = YES;
				CLANG_WARN_COMMA = YES;
				CLANG_WARN_CONSTANT_CONVERSION = YES;
				CLANG_WARN_DEPRECATED_OBJC_IMPLEMENTATIONS = YES;
				CLANG_WARN_DIRECT_OBJC_ISA_USAGE = YES_ERROR;
				CLANG_WARN_DOCUMENTATION_COMMENTS = YES;
				CLANG_WARN_EMPTY_BODY = YES;
				CLANG_WARN_ENUM_CONVERSION = YES;
				CLANG_WARN_INFINITE_RECURSION = YES;
				CLANG_WARN_INT_CONVERSION = YES;
				CLANG_WARN_NON_LITERAL_NULL_CONVERSION = YES;
				CLANG_WARN_OBJC_IMPLICIT_RETAIN_SELF = YES;
				CLANG_WARN_OBJC_LITERAL_CONVERSION = YES;
				CLANG_WARN_OBJC_ROOT_CLASS = YES_ERROR;
				CLANG_WARN_QUOTED_INCLUDE_IN_FRAMEWORK_HEADER = YES;
				CLANG_WARN_RANGE_LOOP_ANALYSIS = YES;
				CLANG_WARN_STRICT_PROTOTYPES = YES;
				CLANG_WARN_SUSPICIOUS_MOVE = YES;
				CLANG_WARN_UNGUARDED_AVAILABILITY = YES_AGGRESSIVE;
				CLANG_WARN_UNREACHABLE_CODE = YES;
				CLANG_WARN__DUPLICATE_METHOD_MATCH = YES;
				COPY_PHASE_STRIP = NO;
				DEBUG_INFORMATION_FORMAT = "dwarf-with-dsym";
				ENABLE_NS_ASSERTIONS = NO;
				ENABLE_STRICT_OBJC_MSGSEND = YES;
				GCC_C_LANGUAGE_STANDARD = gnu11;
				GCC_NO_COMMON_BLOCKS = YES;
				GCC_WARN_64_TO_32_BIT_CONVERSION = YES;
				GCC_WARN_ABOUT_RETURN_TYPE = YES_ERROR;
				GCC_WARN_UNDECLARED_SELECTOR = YES;
				GCC_WARN_UNINITIALIZED_AUTOS = YES_AGGRESSIVE;
				GCC_WARN_UNUSED_FUNCTION = YES;
				GCC_WARN_UNUSED_VARIABLE = YES;
				IPHONEOS_DEPLOYMENT_TARGET = 15.0;
				MTL_ENABLE_DEBUG_INFO = NO;
				MTL_FAST_MATH = YES;
				SDKROOT = iphoneos;
				SWIFT_COMPILATION_MODE = wholemodule;
				SWIFT_OPTIMIZATION_LEVEL = "-O";
				VALIDATE_PRODUCT = YES;
			};
			name = Release;
		};
		D7FAE4F72775639A00E7AF58 /* Debug */ = {
			isa = XCBuildConfiguration;
			buildSettings = {
				ASSETCATALOG_COMPILER_APPICON_NAME = AppIcon;
				ASSETCATALOG_COMPILER_GLOBAL_ACCENT_COLOR_NAME = AccentColor;
				CLANG_ENABLE_MODULES = YES;
				CODE_SIGN_ENTITLEMENTS = PatchworkUISampleBook/PatchworkUISampleBook.entitlements;
				"CODE_SIGN_IDENTITY[sdk=macosx*]" = "-";
				CODE_SIGN_STYLE = Automatic;
				CURRENT_PROJECT_VERSION = 0;
				DEVELOPMENT_ASSET_PATHS = "\"PatchworkUISampleBook/Preview Content\"";
				DEVELOPMENT_TEAM = SYA75M63MP;
				ENABLE_PREVIEWS = YES;
				GENERATE_INFOPLIST_FILE = YES;
				INFOPLIST_KEY_UIApplicationSupportsIndirectInputEvents = YES;
				INFOPLIST_KEY_UILaunchScreen_Generation = YES;
				INFOPLIST_KEY_UISupportedInterfaceOrientations_iPad = "UIInterfaceOrientationPortrait UIInterfaceOrientationPortraitUpsideDown UIInterfaceOrientationLandscapeLeft UIInterfaceOrientationLandscapeRight";
				INFOPLIST_KEY_UISupportedInterfaceOrientations_iPhone = "UIInterfaceOrientationPortrait UIInterfaceOrientationLandscapeLeft UIInterfaceOrientationLandscapeRight";
				LD_RUNPATH_SEARCH_PATHS = (
					"$(inherited)",
					"@executable_path/Frameworks",
				);
				MARKETING_VERSION = 0;
				PRODUCT_BUNDLE_IDENTIFIER = Eonil.Patchwork.UISampleBook;
				PRODUCT_NAME = "$(TARGET_NAME)";
				SUPPORTS_MACCATALYST = YES;
				SWIFT_EMIT_LOC_STRINGS = YES;
				SWIFT_OPTIMIZATION_LEVEL = "-Onone";
				SWIFT_VERSION = 5.0;
				TARGETED_DEVICE_FAMILY = "1,2,6";
			};
			name = Debug;
		};
		D7FAE4F82775639A00E7AF58 /* Release */ = {
			isa = XCBuildConfiguration;
			buildSettings = {
				ASSETCATALOG_COMPILER_APPICON_NAME = AppIcon;
				ASSETCATALOG_COMPILER_GLOBAL_ACCENT_COLOR_NAME = AccentColor;
				CLANG_ENABLE_MODULES = YES;
				CODE_SIGN_ENTITLEMENTS = PatchworkUISampleBook/PatchworkUISampleBook.entitlements;
				"CODE_SIGN_IDENTITY[sdk=macosx*]" = "-";
				CODE_SIGN_STYLE = Automatic;
				CURRENT_PROJECT_VERSION = 0;
				DEVELOPMENT_ASSET_PATHS = "\"PatchworkUISampleBook/Preview Content\"";
				DEVELOPMENT_TEAM = SYA75M63MP;
				ENABLE_PREVIEWS = YES;
				GENERATE_INFOPLIST_FILE = YES;
				INFOPLIST_KEY_UIApplicationSupportsIndirectInputEvents = YES;
				INFOPLIST_KEY_UILaunchScreen_Generation = YES;
				INFOPLIST_KEY_UISupportedInterfaceOrientations_iPad = "UIInterfaceOrientationPortrait UIInterfaceOrientationPortraitUpsideDown UIInterfaceOrientationLandscapeLeft UIInterfaceOrientationLandscapeRight";
				INFOPLIST_KEY_UISupportedInterfaceOrientations_iPhone = "UIInterfaceOrientationPortrait UIInterfaceOrientationLandscapeLeft UIInterfaceOrientationLandscapeRight";
				LD_RUNPATH_SEARCH_PATHS = (
					"$(inherited)",
					"@executable_path/Frameworks",
				);
				MARKETING_VERSION = 0;
				PRODUCT_BUNDLE_IDENTIFIER = Eonil.Patchwork.UISampleBook;
				PRODUCT_NAME = "$(TARGET_NAME)";
				SUPPORTS_MACCATALYST = YES;
				SWIFT_EMIT_LOC_STRINGS = YES;
				SWIFT_VERSION = 5.0;
				TARGETED_DEVICE_FAMILY = "1,2,6";
			};
			name = Release;
		};
/* End XCBuildConfiguration section */

/* Begin XCConfigurationList section */
		D7FAE4E32775639900E7AF58 /* Build configuration list for PBXProject "PatchworkUISampleBook" */ = {
			isa = XCConfigurationList;
			buildConfigurations = (
				D7FAE4F42775639A00E7AF58 /* Debug */,
				D7FAE4F52775639A00E7AF58 /* Release */,
			);
			defaultConfigurationIsVisible = 0;
			defaultConfigurationName = Release;
		};
		D7FAE4F62775639A00E7AF58 /* Build configuration list for PBXNativeTarget "PatchworkUISampleBook" */ = {
			isa = XCConfigurationList;
			buildConfigurations = (
				D7FAE4F72775639A00E7AF58 /* Debug */,
				D7FAE4F82775639A00E7AF58 /* Release */,
			);
			defaultConfigurationIsVisible = 0;
			defaultConfigurationName = Release;
		};
/* End XCConfigurationList section */

/* Begin XCSwiftPackageProductDependency section */
		D7FAE4FA277563C500E7AF58 /* Patchwork */ = {
			isa = XCSwiftPackageProductDependency;
			productName = Patchwork;
		};
/* End XCSwiftPackageProductDependency section */
	};
	rootObject = D7FAE4E02775639900E7AF58 /* Project object */;
}
